
Microsoft Visual Studio Solution File, Format Version 12.00
# Visual Studio 14
VisualStudioVersion = 14.0.24720.0
MinimumVisualStudioVersion = 10.0.40219.1
Project("{FAE04EC0-301F-11D3-BF4B-00C04F79EFBC}") = "MVC6.OWIN", "MVC6.OWIN\MVC6.OWIN.csproj", "{AB246979-6DBE-4CDA-A1F8-9F97FB3CC85B}"
EndProject
Project("{FAE04EC0-301F-11D3-BF4B-00C04F79EFBC}") = "KatanaIntro", "KatanaIntro\KatanaIntro.csproj", "{108E585D-AB66-4413-A187-8F02DA776611}"
EndProject
Global
	GlobalSection(SolutionConfigurationPlatforms) = preSolution
		Debug|Any CPU = Debug|Any CPU
		Release|Any CPU = Release|Any CPU
	EndGlobalSection
	GlobalSection(ProjectConfigurationPlatforms) = postSolution
		{AB246979-6DBE-4CDA-A1F8-9F97FB3CC85B}.Debug|Any CPU.ActiveCfg = Debug|Any CPU
		{AB246979-6DBE-4CDA-A1F8-9F97FB3CC85B}.Debug|Any CPU.Build.0 = Debug|Any CPU
		{AB246979-6DBE-4CDA-A1F8-9F97FB3CC85B}.Release|Any CPU.ActiveCfg = Release|Any CPU
		{AB246979-6DBE-4CDA-A1F8-9F97FB3CC85B}.Release|Any CPU.Build.0 = Release|Any CPU
		{108E585D-AB66-4413-A187-8F02DA776611}.Debug|Any CPU.ActiveCfg = Debug|Any CPU
		{108E585D-AB66-4413-A187-8F02DA776611}.Debug|Any CPU.Build.0 = Debug|Any CPU
		{108E585D-AB66-4413-A187-8F02DA776611}.Release|Any CPU.ActiveCfg = Release|Any CPU
		{108E585D-AB66-4413-A187-8F02DA776611}.Release|Any CPU.Build.0 = Release|Any CPU
	EndGlobalSection
	GlobalSection(SolutionProperties) = preSolution
		HideSolutionNode = FALSE
	EndGlobalSection
EndGlobal
